// !$*UTF8*$!
{
	archiveVersion = 1;
	classes = {
	};
	objectVersion = 50;
	objects = {

/* Begin PBXBuildFile section */
		7F0D9BBC2435CA7C0015DAE1 /* AppDelegate.swift in Sources */ = {isa = PBXBuildFile; fileRef = 7F0D9BBB2435CA7C0015DAE1 /* AppDelegate.swift */; };
		7F0D9BBE2435CA7C0015DAE1 /* SceneDelegate.swift in Sources */ = {isa = PBXBuildFile; fileRef = 7F0D9BBD2435CA7C0015DAE1 /* SceneDelegate.swift */; };
		7F0D9BC02435CA7C0015DAE1 /* ViewController.swift in Sources */ = {isa = PBXBuildFile; fileRef = 7F0D9BBF2435CA7C0015DAE1 /* ViewController.swift */; };
		7F0D9BC32435CA7C0015DAE1 /* Main.storyboard in Resources */ = {isa = PBXBuildFile; fileRef = 7F0D9BC12435CA7C0015DAE1 /* Main.storyboard */; };
		7F0D9BC52435CA7D0015DAE1 /* Assets.xcassets in Resources */ = {isa = PBXBuildFile; fileRef = 7F0D9BC42435CA7D0015DAE1 /* Assets.xcassets */; };
		7F0D9BC82435CA7D0015DAE1 /* LaunchScreen.storyboard in Resources */ = {isa = PBXBuildFile; fileRef = 7F0D9BC62435CA7D0015DAE1 /* LaunchScreen.storyboard */; };
		7F0D9BD32435CA7D0015DAE1 /* ios_wsTests.swift in Sources */ = {isa = PBXBuildFile; fileRef = 7F0D9BD22435CA7D0015DAE1 /* ios_wsTests.swift */; };
		7F0D9BDE2435CA7D0015DAE1 /* ios_wsUITests.swift in Sources */ = {isa = PBXBuildFile; fileRef = 7F0D9BDD2435CA7D0015DAE1 /* ios_wsUITests.swift */; };
		7F0D9BEC24362C6A0015DAE1 /* GameBoardViewController.swift in Sources */ = {isa = PBXBuildFile; fileRef = 7F0D9BEB24362C6A0015DAE1 /* GameBoardViewController.swift */; };
		7F0D9BF3244C01010015DAE1 /* Card.swift in Sources */ = {isa = PBXBuildFile; fileRef = 7F0D9BEF244C01000015DAE1 /* Card.swift */; };
		7F0D9BF4244C01010015DAE1 /* Deck.swift in Sources */ = {isa = PBXBuildFile; fileRef = 7F0D9BF0244C01000015DAE1 /* Deck.swift */; };
		7F0D9BF5244C01010015DAE1 /* TryCatchFinally.m in Sources */ = {isa = PBXBuildFile; fileRef = 7F0D9BF1244C01010015DAE1 /* TryCatchFinally.m */; };
		7F0D9BF6244C01010015DAE1 /* Game.swift in Sources */ = {isa = PBXBuildFile; fileRef = 7F0D9BF2244C01010015DAE1 /* Game.swift */; };
/* End PBXBuildFile section */

/* Begin PBXContainerItemProxy section */
		7F0D9BCF2435CA7D0015DAE1 /* PBXContainerItemProxy */ = {
			isa = PBXContainerItemProxy;
			containerPortal = 7F0D9BB02435CA7C0015DAE1 /* Project object */;
			proxyType = 1;
			remoteGlobalIDString = 7F0D9BB72435CA7C0015DAE1;
			remoteInfo = ios_ws;
		};
		7F0D9BDA2435CA7D0015DAE1 /* PBXContainerItemProxy */ = {
			isa = PBXContainerItemProxy;
			containerPortal = 7F0D9BB02435CA7C0015DAE1 /* Project object */;
			proxyType = 1;
			remoteGlobalIDString = 7F0D9BB72435CA7C0015DAE1;
			remoteInfo = ios_ws;
		};
/* End PBXContainerItemProxy section */

/* Begin PBXFileReference section */
		7F0D9BB82435CA7C0015DAE1 /* ios_ws.app */ = {isa = PBXFileReference; explicitFileType = wrapper.application; includeInIndex = 0; path = ios_ws.app; sourceTree = BUILT_PRODUCTS_DIR; };
		7F0D9BBB2435CA7C0015DAE1 /* AppDelegate.swift */ = {isa = PBXFileReference; lastKnownFileType = sourcecode.swift; path = AppDelegate.swift; sourceTree = "<group>"; };
		7F0D9BBD2435CA7C0015DAE1 /* SceneDelegate.swift */ = {isa = PBXFileReference; lastKnownFileType = sourcecode.swift; path = SceneDelegate.swift; sourceTree = "<group>"; };
		7F0D9BBF2435CA7C0015DAE1 /* ViewController.swift */ = {isa = PBXFileReference; lastKnownFileType = sourcecode.swift; path = ViewController.swift; sourceTree = "<group>"; };
		7F0D9BC22435CA7C0015DAE1 /* Base */ = {isa = PBXFileReference; lastKnownFileType = file.storyboard; name = Base; path = Base.lproj/Main.storyboard; sourceTree = "<group>"; };
		7F0D9BC42435CA7D0015DAE1 /* Assets.xcassets */ = {isa = PBXFileReference; lastKnownFileType = folder.assetcatalog; path = Assets.xcassets; sourceTree = "<group>"; };
		7F0D9BC72435CA7D0015DAE1 /* Base */ = {isa = PBXFileReference; lastKnownFileType = file.storyboard; name = Base; path = Base.lproj/LaunchScreen.storyboard; sourceTree = "<group>"; };
		7F0D9BC92435CA7D0015DAE1 /* Info.plist */ = {isa = PBXFileReference; lastKnownFileType = text.plist.xml; path = Info.plist; sourceTree = "<group>"; };
		7F0D9BCE2435CA7D0015DAE1 /* ios_wsTests.xctest */ = {isa = PBXFileReference; explicitFileType = wrapper.cfbundle; includeInIndex = 0; path = ios_wsTests.xctest; sourceTree = BUILT_PRODUCTS_DIR; };
		7F0D9BD22435CA7D0015DAE1 /* ios_wsTests.swift */ = {isa = PBXFileReference; lastKnownFileType = sourcecode.swift; path = ios_wsTests.swift; sourceTree = "<group>"; };
		7F0D9BD42435CA7D0015DAE1 /* Info.plist */ = {isa = PBXFileReference; lastKnownFileType = text.plist.xml; path = Info.plist; sourceTree = "<group>"; };
		7F0D9BD92435CA7D0015DAE1 /* ios_wsUITests.xctest */ = {isa = PBXFileReference; explicitFileType = wrapper.cfbundle; includeInIndex = 0; path = ios_wsUITests.xctest; sourceTree = BUILT_PRODUCTS_DIR; };
		7F0D9BDD2435CA7D0015DAE1 /* ios_wsUITests.swift */ = {isa = PBXFileReference; lastKnownFileType = sourcecode.swift; path = ios_wsUITests.swift; sourceTree = "<group>"; };
		7F0D9BDF2435CA7D0015DAE1 /* Info.plist */ = {isa = PBXFileReference; lastKnownFileType = text.plist.xml; path = Info.plist; sourceTree = "<group>"; };
		7F0D9BEB24362C6A0015DAE1 /* GameBoardViewController.swift */ = {isa = PBXFileReference; lastKnownFileType = sourcecode.swift; path = GameBoardViewController.swift; sourceTree = "<group>"; };
		7F0D9BED244C01000015DAE1 /* ios_ws-Bridging-Header.h */ = {isa = PBXFileReference; lastKnownFileType = sourcecode.c.h; path = "ios_ws-Bridging-Header.h"; sourceTree = "<group>"; };
		7F0D9BEE244C01000015DAE1 /* TryCatchFinally.h */ = {isa = PBXFileReference; fileEncoding = 4; lastKnownFileType = sourcecode.c.h; path = TryCatchFinally.h; sourceTree = "<group>"; };
		7F0D9BEF244C01000015DAE1 /* Card.swift */ = {isa = PBXFileReference; fileEncoding = 4; lastKnownFileType = sourcecode.swift; path = Card.swift; sourceTree = "<group>"; };
		7F0D9BF0244C01000015DAE1 /* Deck.swift */ = {isa = PBXFileReference; fileEncoding = 4; lastKnownFileType = sourcecode.swift; path = Deck.swift; sourceTree = "<group>"; };
		7F0D9BF1244C01010015DAE1 /* TryCatchFinally.m */ = {isa = PBXFileReference; fileEncoding = 4; lastKnownFileType = sourcecode.c.objc; path = TryCatchFinally.m; sourceTree = "<group>"; };
		7F0D9BF2244C01010015DAE1 /* Game.swift */ = {isa = PBXFileReference; fileEncoding = 4; lastKnownFileType = sourcecode.swift; path = Game.swift; sourceTree = "<group>"; };
/* End PBXFileReference section */

/* Begin PBXFrameworksBuildPhase section */
		7F0D9BB52435CA7C0015DAE1 /* Frameworks */ = {
			isa = PBXFrameworksBuildPhase;
			buildActionMask = 2147483647;
			files = (
			);
			runOnlyForDeploymentPostprocessing = 0;
		};
		7F0D9BCB2435CA7D0015DAE1 /* Frameworks */ = {
			isa = PBXFrameworksBuildPhase;
			buildActionMask = 2147483647;
			files = (
			);
			runOnlyForDeploymentPostprocessing = 0;
		};
		7F0D9BD62435CA7D0015DAE1 /* Frameworks */ = {
			isa = PBXFrameworksBuildPhase;
			buildActionMask = 2147483647;
			files = (
			);
			runOnlyForDeploymentPostprocessing = 0;
		};
/* End PBXFrameworksBuildPhase section */

/* Begin PBXGroup section */
		7F0D9BAF2435CA7C0015DAE1 = {
			isa = PBXGroup;
			children = (
				7F0D9BBA2435CA7C0015DAE1 /* ios_ws */,
				7F0D9BD12435CA7D0015DAE1 /* ios_wsTests */,
				7F0D9BDC2435CA7D0015DAE1 /* ios_wsUITests */,
				7F0D9BB92435CA7C0015DAE1 /* Products */,
			);
			sourceTree = "<group>";
		};
		7F0D9BB92435CA7C0015DAE1 /* Products */ = {
			isa = PBXGroup;
			children = (
				7F0D9BB82435CA7C0015DAE1 /* ios_ws.app */,
				7F0D9BCE2435CA7D0015DAE1 /* ios_wsTests.xctest */,
				7F0D9BD92435CA7D0015DAE1 /* ios_wsUITests.xctest */,
			);
			name = Products;
			sourceTree = "<group>";
		};
		7F0D9BBA2435CA7C0015DAE1 /* ios_ws */ = {
			isa = PBXGroup;
			children = (
				7F0D9BBB2435CA7C0015DAE1 /* AppDelegate.swift */,
				7F0D9BBD2435CA7C0015DAE1 /* SceneDelegate.swift */,
				7F0D9BBF2435CA7C0015DAE1 /* ViewController.swift */,
				7F0D9BC12435CA7C0015DAE1 /* Main.storyboard */,
				7F0D9BEF244C01000015DAE1 /* Card.swift */,
				7F0D9BF0244C01000015DAE1 /* Deck.swift */,
				7F0D9BF2244C01010015DAE1 /* Game.swift */,
				7F0D9BEE244C01000015DAE1 /* TryCatchFinally.h */,
				7F0D9BF1244C01010015DAE1 /* TryCatchFinally.m */,
				7F0D9BEB24362C6A0015DAE1 /* GameBoardViewController.swift */,
				7F0D9BC42435CA7D0015DAE1 /* Assets.xcassets */,
				7F0D9BC62435CA7D0015DAE1 /* LaunchScreen.storyboard */,
				7F0D9BC92435CA7D0015DAE1 /* Info.plist */,
				7F0D9BED244C01000015DAE1 /* ios_ws-Bridging-Header.h */,
			);
			path = ios_ws;
			sourceTree = "<group>";
		};
		7F0D9BD12435CA7D0015DAE1 /* ios_wsTests */ = {
			isa = PBXGroup;
			children = (
				7F0D9BD22435CA7D0015DAE1 /* ios_wsTests.swift */,
				7F0D9BD42435CA7D0015DAE1 /* Info.plist */,
			);
			path = ios_wsTests;
			sourceTree = "<group>";
		};
		7F0D9BDC2435CA7D0015DAE1 /* ios_wsUITests */ = {
			isa = PBXGroup;
			children = (
				7F0D9BDD2435CA7D0015DAE1 /* ios_wsUITests.swift */,
				7F0D9BDF2435CA7D0015DAE1 /* Info.plist */,
			);
			path = ios_wsUITests;
			sourceTree = "<group>";
		};
/* End PBXGroup section */

/* Begin PBXNativeTarget section */
		7F0D9BB72435CA7C0015DAE1 /* ios_ws */ = {
			isa = PBXNativeTarget;
			buildConfigurationList = 7F0D9BE22435CA7D0015DAE1 /* Build configuration list for PBXNativeTarget "ios_ws" */;
			buildPhases = (
				7F0D9BB42435CA7C0015DAE1 /* Sources */,
				7F0D9BB52435CA7C0015DAE1 /* Frameworks */,
				7F0D9BB62435CA7C0015DAE1 /* Resources */,
			);
			buildRules = (
			);
			dependencies = (
			);
			name = ios_ws;
			productName = ios_ws;
			productReference = 7F0D9BB82435CA7C0015DAE1 /* ios_ws.app */;
			productType = "com.apple.product-type.application";
		};
		7F0D9BCD2435CA7D0015DAE1 /* ios_wsTests */ = {
			isa = PBXNativeTarget;
			buildConfigurationList = 7F0D9BE52435CA7D0015DAE1 /* Build configuration list for PBXNativeTarget "ios_wsTests" */;
			buildPhases = (
				7F0D9BCA2435CA7D0015DAE1 /* Sources */,
				7F0D9BCB2435CA7D0015DAE1 /* Frameworks */,
				7F0D9BCC2435CA7D0015DAE1 /* Resources */,
			);
			buildRules = (
			);
			dependencies = (
				7F0D9BD02435CA7D0015DAE1 /* PBXTargetDependency */,
			);
			name = ios_wsTests;
			productName = ios_wsTests;
			productReference = 7F0D9BCE2435CA7D0015DAE1 /* ios_wsTests.xctest */;
			productType = "com.apple.product-type.bundle.unit-test";
		};
		7F0D9BD82435CA7D0015DAE1 /* ios_wsUITests */ = {
			isa = PBXNativeTarget;
			buildConfigurationList = 7F0D9BE82435CA7D0015DAE1 /* Build configuration list for PBXNativeTarget "ios_wsUITests" */;
			buildPhases = (
				7F0D9BD52435CA7D0015DAE1 /* Sources */,
				7F0D9BD62435CA7D0015DAE1 /* Frameworks */,
				7F0D9BD72435CA7D0015DAE1 /* Resources */,
			);
			buildRules = (
			);
			dependencies = (
				7F0D9BDB2435CA7D0015DAE1 /* PBXTargetDependency */,
			);
			name = ios_wsUITests;
			productName = ios_wsUITests;
			productReference = 7F0D9BD92435CA7D0015DAE1 /* ios_wsUITests.xctest */;
			productType = "com.apple.product-type.bundle.ui-testing";
		};
/* End PBXNativeTarget section */

/* Begin PBXProject section */
		7F0D9BB02435CA7C0015DAE1 /* Project object */ = {
			isa = PBXProject;
			attributes = {
				LastSwiftUpdateCheck = 1130;
				LastUpgradeCheck = 1130;
				ORGANIZATIONNAME = COMP7506;
				TargetAttributes = {
					7F0D9BB72435CA7C0015DAE1 = {
						CreatedOnToolsVersion = 11.3;
						LastSwiftMigration = 1130;
					};
					7F0D9BCD2435CA7D0015DAE1 = {
						CreatedOnToolsVersion = 11.3;
						TestTargetID = 7F0D9BB72435CA7C0015DAE1;
					};
					7F0D9BD82435CA7D0015DAE1 = {
						CreatedOnToolsVersion = 11.3;
						TestTargetID = 7F0D9BB72435CA7C0015DAE1;
					};
				};
			};
			buildConfigurationList = 7F0D9BB32435CA7C0015DAE1 /* Build configuration list for PBXProject "ios_ws" */;
			compatibilityVersion = "Xcode 9.3";
			developmentRegion = en;
			hasScannedForEncodings = 0;
			knownRegions = (
				en,
				Base,
			);
			mainGroup = 7F0D9BAF2435CA7C0015DAE1;
			productRefGroup = 7F0D9BB92435CA7C0015DAE1 /* Products */;
			projectDirPath = "";
			projectRoot = "";
			targets = (
				7F0D9BB72435CA7C0015DAE1 /* ios_ws */,
				7F0D9BCD2435CA7D0015DAE1 /* ios_wsTests */,
				7F0D9BD82435CA7D0015DAE1 /* ios_wsUITests */,
			);
		};
/* End PBXProject section */

/* Begin PBXResourcesBuildPhase section */
		7F0D9BB62435CA7C0015DAE1 /* Resources */ = {
			isa = PBXResourcesBuildPhase;
			buildActionMask = 2147483647;
			files = (
				7F0D9BC82435CA7D0015DAE1 /* LaunchScreen.storyboard in Resources */,
				7F0D9BC52435CA7D0015DAE1 /* Assets.xcassets in Resources */,
				7F0D9BC32435CA7C0015DAE1 /* Main.storyboard in Resources */,
			);
			runOnlyForDeploymentPostprocessing = 0;
		};
		7F0D9BCC2435CA7D0015DAE1 /* Resources */ = {
			isa = PBXResourcesBuildPhase;
			buildActionMask = 2147483647;
			files = (
			);
			runOnlyForDeploymentPostprocessing = 0;
		};
		7F0D9BD72435CA7D0015DAE1 /* Resources */ = {
			isa = PBXResourcesBuildPhase;
			buildActionMask = 2147483647;
			files = (
			);
			runOnlyForDeploymentPostprocessing = 0;
		};
/* End PBXResourcesBuildPhase section */

/* Begin PBXSourcesBuildPhase section */
		7F0D9BB42435CA7C0015DAE1 /* Sources */ = {
			isa = PBXSourcesBuildPhase;
			buildActionMask = 2147483647;
			files = (
				7F0D9BF4244C01010015DAE1 /* Deck.swift in Sources */,
				7F0D9BF5244C01010015DAE1 /* TryCatchFinally.m in Sources */,
				7F0D9BC02435CA7C0015DAE1 /* ViewController.swift in Sources */,
				7F0D9BEC24362C6A0015DAE1 /* GameBoardViewController.swift in Sources */,
				7F0D9BF3244C01010015DAE1 /* Card.swift in Sources */,
				7F0D9BBC2435CA7C0015DAE1 /* AppDelegate.swift in Sources */,
				7F0D9BBE2435CA7C0015DAE1 /* SceneDelegate.swift in Sources */,
				7F0D9BF6244C01010015DAE1 /* Game.swift in Sources */,
			);
			runOnlyForDeploymentPostprocessing = 0;
		};
		7F0D9BCA2435CA7D0015DAE1 /* Sources */ = {
			isa = PBXSourcesBuildPhase;
			buildActionMask = 2147483647;
			files = (
				7F0D9BD32435CA7D0015DAE1 /* ios_wsTests.swift in Sources */,
			);
			runOnlyForDeploymentPostprocessing = 0;
		};
		7F0D9BD52435CA7D0015DAE1 /* Sources */ = {
			isa = PBXSourcesBuildPhase;
			buildActionMask = 2147483647;
			files = (
				7F0D9BDE2435CA7D0015DAE1 /* ios_wsUITests.swift in Sources */,
			);
			runOnlyForDeploymentPostprocessing = 0;
		};
/* End PBXSourcesBuildPhase section */

/* Begin PBXTargetDependency section */
		7F0D9BD02435CA7D0015DAE1 /* PBXTargetDependency */ = {
			isa = PBXTargetDependency;
			target = 7F0D9BB72435CA7C0015DAE1 /* ios_ws */;
			targetProxy = 7F0D9BCF2435CA7D0015DAE1 /* PBXContainerItemProxy */;
		};
		7F0D9BDB2435CA7D0015DAE1 /* PBXTargetDependency */ = {
			isa = PBXTargetDependency;
			target = 7F0D9BB72435CA7C0015DAE1 /* ios_ws */;
			targetProxy = 7F0D9BDA2435CA7D0015DAE1 /* PBXContainerItemProxy */;
		};
/* End PBXTargetDependency section */

/* Begin PBXVariantGroup section */
		7F0D9BC12435CA7C0015DAE1 /* Main.storyboard */ = {
			isa = PBXVariantGroup;
			children = (
				7F0D9BC22435CA7C0015DAE1 /* Base */,
			);
			name = Main.storyboard;
			sourceTree = "<group>";
		};
		7F0D9BC62435CA7D0015DAE1 /* LaunchScreen.storyboard */ = {
			isa = PBXVariantGroup;
			children = (
				7F0D9BC72435CA7D0015DAE1 /* Base */,
			);
			name = LaunchScreen.storyboard;
			sourceTree = "<group>";
		};
/* End PBXVariantGroup section */

/* Begin XCBuildConfiguration section */
		7F0D9BE02435CA7D0015DAE1 /* Debug */ = {
			isa = XCBuildConfiguration;
			buildSettings = {
				ALWAYS_SEARCH_USER_PATHS = NO;
				CLANG_ANALYZER_NONNULL = YES;
				CLANG_ANALYZER_NUMBER_OBJECT_CONVERSION = YES_AGGRESSIVE;
				CLANG_CXX_LANGUAGE_STANDARD = "gnu++14";
				CLANG_CXX_LIBRARY = "libc++";
				CLANG_ENABLE_MODULES = YES;
				CLANG_ENABLE_OBJC_ARC = YES;
				CLANG_ENABLE_OBJC_WEAK = YES;
				CLANG_WARN_BLOCK_CAPTURE_AUTORELEASING = YES;
				CLANG_WARN_BOOL_CONVERSION = YES;
				CLANG_WARN_COMMA = YES;
				CLANG_WARN_CONSTANT_CONVERSION = YES;
				CLANG_WARN_DEPRECATED_OBJC_IMPLEMENTATIONS = YES;
				CLANG_WARN_DIRECT_OBJC_ISA_USAGE = YES_ERROR;
				CLANG_WARN_DOCUMENTATION_COMMENTS = YES;
				CLANG_WARN_EMPTY_BODY = YES;
				CLANG_WARN_ENUM_CONVERSION = YES;
				CLANG_WARN_INFINITE_RECURSION = YES;
				CLANG_WARN_INT_CONVERSION = YES;
				CLANG_WARN_NON_LITERAL_NULL_CONVERSION = YES;
				CLANG_WARN_OBJC_IMPLICIT_RETAIN_SELF = YES;
				CLANG_WARN_OBJC_LITERAL_CONVERSION = YES;
				CLANG_WARN_OBJC_ROOT_CLASS = YES_ERROR;
				CLANG_WARN_RANGE_LOOP_ANALYSIS = YES;
				CLANG_WARN_STRICT_PROTOTYPES = YES;
				CLANG_WARN_SUSPICIOUS_MOVE = YES;
				CLANG_WARN_UNGUARDED_AVAILABILITY = YES_AGGRESSIVE;
				CLANG_WARN_UNREACHABLE_CODE = YES;
				CLANG_WARN__DUPLICATE_METHOD_MATCH = YES;
				COPY_PHASE_STRIP = NO;
				DEBUG_INFORMATION_FORMAT = dwarf;
				ENABLE_STRICT_OBJC_MSGSEND = YES;
				ENABLE_TESTABILITY = YES;
				GCC_C_LANGUAGE_STANDARD = gnu11;
				GCC_DYNAMIC_NO_PIC = NO;
				GCC_NO_COMMON_BLOCKS = YES;
				GCC_OPTIMIZATION_LEVEL = 0;
				GCC_PREPROCESSOR_DEFINITIONS = (
					"DEBUG=1",
					"$(inherited)",
				);
				GCC_WARN_64_TO_32_BIT_CONVERSION = YES;
				GCC_WARN_ABOUT_RETURN_TYPE = YES_ERROR;
				GCC_WARN_UNDECLARED_SELECTOR = YES;
				GCC_WARN_UNINITIALIZED_AUTOS = YES_AGGRESSIVE;
				GCC_WARN_UNUSED_FUNCTION = YES;
				GCC_WARN_UNUSED_VARIABLE = YES;
				IPHONEOS_DEPLOYMENT_TARGET = 13.2;
				MTL_ENABLE_DEBUG_INFO = INCLUDE_SOURCE;
				MTL_FAST_MATH = YES;
				ONLY_ACTIVE_ARCH = YES;
				SDKROOT = iphoneos;
				SWIFT_ACTIVE_COMPILATION_CONDITIONS = DEBUG;
				SWIFT_OPTIMIZATION_LEVEL = "-Onone";
			};
			name = Debug;
		};
		7F0D9BE12435CA7D0015DAE1 /* Release */ = {
			isa = XCBuildConfiguration;
			buildSettings = {
				ALWAYS_SEARCH_USER_PATHS = NO;
				CLANG_ANALYZER_NONNULL = YES;
				CLANG_ANALYZER_NUMBER_OBJECT_CONVERSION = YES_AGGRESSIVE;
				CLANG_CXX_LANGUAGE_STANDARD = "gnu++14";
				CLANG_CXX_LIBRARY = "libc++";
				CLANG_ENABLE_MODULES = YES;
				CLANG_ENABLE_OBJC_ARC = YES;
				CLANG_ENABLE_OBJC_WEAK = YES;
				CLANG_WARN_BLOCK_CAPTURE_AUTORELEASING = YES;
				CLANG_WARN_BOOL_CONVERSION = YES;
				CLANG_WARN_COMMA = YES;
				CLANG_WARN_CONSTANT_CONVERSION = YES;
				CLANG_WARN_DEPRECATED_OBJC_IMPLEMENTATIONS = YES;
				CLANG_WARN_DIRECT_OBJC_ISA_USAGE = YES_ERROR;
				CLANG_WARN_DOCUMENTATION_COMMENTS = YES;
				CLANG_WARN_EMPTY_BODY = YES;
				CLANG_WARN_ENUM_CONVERSION = YES;
				CLANG_WARN_INFINITE_RECURSION = YES;
				CLANG_WARN_INT_CONVERSION = YES;
				CLANG_WARN_NON_LITERAL_NULL_CONVERSION = YES;
				CLANG_WARN_OBJC_IMPLICIT_RETAIN_SELF = YES;
				CLANG_WARN_OBJC_LITERAL_CONVERSION = YES;
				CLANG_WARN_OBJC_ROOT_CLASS = YES_ERROR;
				CLANG_WARN_RANGE_LOOP_ANALYSIS = YES;
				CLANG_WARN_STRICT_PROTOTYPES = YES;
				CLANG_WARN_SUSPICIOUS_MOVE = YES;
				CLANG_WARN_UNGUARDED_AVAILABILITY = YES_AGGRESSIVE;
				CLANG_WARN_UNREACHABLE_CODE = YES;
				CLANG_WARN__DUPLICATE_METHOD_MATCH = YES;
				COPY_PHASE_STRIP = NO;
				DEBUG_INFORMATION_FORMAT = "dwarf-with-dsym";
				ENABLE_NS_ASSERTIONS = NO;
				ENABLE_STRICT_OBJC_MSGSEND = YES;
				GCC_C_LANGUAGE_STANDARD = gnu11;
				GCC_NO_COMMON_BLOCKS = YES;
				GCC_WARN_64_TO_32_BIT_CONVERSION = YES;
				GCC_WARN_ABOUT_RETURN_TYPE = YES_ERROR;
				GCC_WARN_UNDECLARED_SELECTOR = YES;
				GCC_WARN_UNINITIALIZED_AUTOS = YES_AGGRESSIVE;
				GCC_WARN_UNUSED_FUNCTION = YES;
				GCC_WARN_UNUSED_VARIABLE = YES;
				IPHONEOS_DEPLOYMENT_TARGET = 13.2;
				MTL_ENABLE_DEBUG_INFO = NO;
				MTL_FAST_MATH = YES;
				SDKROOT = iphoneos;
				SWIFT_COMPILATION_MODE = wholemodule;
				SWIFT_OPTIMIZATION_LEVEL = "-O";
				VALIDATE_PRODUCT = YES;
			};
			name = Release;
		};
		7F0D9BE32435CA7D0015DAE1 /* Debug */ = {
			isa = XCBuildConfiguration;
			buildSettings = {
				ASSETCATALOG_COMPILER_APPICON_NAME = AppIcon;
				CLANG_ENABLE_MODULES = YES;
				CODE_SIGN_STYLE = Automatic;
				INFOPLIST_FILE = ios_ws/Info.plist;
				LD_RUNPATH_SEARCH_PATHS = (
					"$(inherited)",
					"@executable_path/Frameworks",
				);
				PRODUCT_BUNDLE_IDENTIFIER = "HKUCS.ios-ws";
				PRODUCT_NAME = "$(TARGET_NAME)";
				SWIFT_OBJC_BRIDGING_HEADER = "ios_ws/ios_ws-Bridging-Header.h";
				SWIFT_OPTIMIZATION_LEVEL = "-Onone";
				SWIFT_VERSION = 5.0;
				TARGETED_DEVICE_FAMILY = "1,2";
			};
			name = Debug;
		};
		7F0D9BE42435CA7D0015DAE1 /* Release */ = {
			isa = XCBuildConfiguration;
			buildSettings = {
				ASSETCATALOG_COMPILER_APPICON_NAME = AppIcon;
				CLANG_ENABLE_MODULES = YES;
				CODE_SIGN_STYLE = Automatic;
				INFOPLIST_FILE = ios_ws/Info.plist;
				LD_RUNPATH_SEARCH_PATHS = (
					"$(inherited)",
					"@executable_path/Frameworks",
				);
				PRODUCT_BUNDLE_IDENTIFIER = "HKUCS.ios-ws";
				PRODUCT_NAME = "$(TARGET_NAME)";
				SWIFT_OBJC_BRIDGING_HEADER = "ios_ws/ios_ws-Bridging-Header.h";
				SWIFT_VERSION = 5.0;
				TARGETED_DEVICE_FAMILY = "1,2";
			};
			name = Release;
		};
		7F0D9BE62435CA7D0015DAE1 /* Debug */ = {
			isa = XCBuildConfiguration;
			buildSettings = {
				ALWAYS_EMBED_SWIFT_STANDARD_LIBRARIES = YES;
				BUNDLE_LOADER = "$(TEST_HOST)";
				CODE_SIGN_STYLE = Automatic;
				INFOPLIST_FILE = ios_wsTests/Info.plist;
				IPHONEOS_DEPLOYMENT_TARGET = 13.2;
				LD_RUNPATH_SEARCH_PATHS = (
					"$(inherited)",
					"@executable_path/Frameworks",
					"@loader_path/Frameworks",
				);
				PRODUCT_BUNDLE_IDENTIFIER = "HKUCS.ios-wsTests";
				PRODUCT_NAME = "$(TARGET_NAME)";
				SWIFT_VERSION = 5.0;
				TARGETED_DEVICE_FAMILY = "1,2";
				TEST_HOST = "$(BUILT_PRODUCTS_DIR)/ios_ws.app/ios_ws";
			};
			name = Debug;
		};
		7F0D9BE72435CA7D0015DAE1 /* Release */ = {
			isa = XCBuildConfiguration;
			buildSettings = {
				ALWAYS_EMBED_SWIFT_STANDARD_LIBRARIES = YES;
				BUNDLE_LOADER = "$(TEST_HOST)";
				CODE_SIGN_STYLE = Automatic;
				INFOPLIST_FILE = ios_wsTests/Info.plist;
				IPHONEOS_DEPLOYMENT_TARGET = 13.2;
				LD_RUNPATH_SEARCH_PATHS = (
					"$(inherited)",
					"@executable_path/Frameworks",
					"@loader_path/Frameworks",
				);
				PRODUCT_BUNDLE_IDENTIFIER = "HKUCS.ios-wsTests";
				PRODUCT_NAME = "$(TARGET_NAME)";
				SWIFT_VERSION = 5.0;
				TARGETED_DEVICE_FAMILY = "1,2";
				TEST_HOST = "$(BUILT_PRODUCTS_DIR)/ios_ws.app/ios_ws";
			};
			name = Release;
		};
		7F0D9BE92435CA7D0015DAE1 /* Debug */ = {
			isa = XCBuildConfiguration;
			buildSettings = {
				ALWAYS_EMBED_SWIFT_STANDARD_LIBRARIES = YES;
				CODE_SIGN_STYLE = Automatic;
				INFOPLIST_FILE = ios_wsUITests/Info.plist;
				LD_RUNPATH_SEARCH_PATHS = (
					"$(inherited)",
					"@executable_path/Frameworks",
					"@loader_path/Frameworks",
				);
				PRODUCT_BUNDLE_IDENTIFIER = "HKUCS.ios-wsUITests";
				PRODUCT_NAME = "$(TARGET_NAME)";
				SWIFT_VERSION = 5.0;
				TARGETED_DEVICE_FAMILY = "1,2";
				TEST_TARGET_NAME = ios_ws;
			};
			name = Debug;
		};
		7F0D9BEA2435CA7D0015DAE1 /* Release */ = {
			isa = XCBuildConfiguration;
			buildSettings = {
				ALWAYS_EMBED_SWIFT_STANDARD_LIBRARIES = YES;
				CODE_SIGN_STYLE = Automatic;
				INFOPLIST_FILE = ios_wsUITests/Info.plist;
				LD_RUNPATH_SEARCH_PATHS = (
					"$(inherited)",
					"@executable_path/Frameworks",
					"@loader_path/Frameworks",
				);
				PRODUCT_BUNDLE_IDENTIFIER = "HKUCS.ios-wsUITests";
				PRODUCT_NAME = "$(TARGET_NAME)";
				SWIFT_VERSION = 5.0;
				TARGETED_DEVICE_FAMILY = "1,2";
				TEST_TARGET_NAME = ios_ws;
			};
			name = Release;
		};
/* End XCBuildConfiguration section */

/* Begin XCConfigurationList section */
		7F0D9BB32435CA7C0015DAE1 /* Build configuration list for PBXProject "ios_ws" */ = {
			isa = XCConfigurationList;
			buildConfigurations = (
				7F0D9BE02435CA7D0015DAE1 /* Debug */,
				7F0D9BE12435CA7D0015DAE1 /* Release */,
			);
			defaultConfigurationIsVisible = 0;
			defaultConfigurationName = Release;
		};
		7F0D9BE22435CA7D0015DAE1 /* Build configuration list for PBXNativeTarget "ios_ws" */ = {
			isa = XCConfigurationList;
			buildConfigurations = (
				7F0D9BE32435CA7D0015DAE1 /* Debug */,
				7F0D9BE42435CA7D0015DAE1 /* Release */,
			);
			defaultConfigurationIsVisible = 0;
			defaultConfigurationName = Release;
		};
		7F0D9BE52435CA7D0015DAE1 /* Build configuration list for PBXNativeTarget "ios_wsTests" */ = {
			isa = XCConfigurationList;
			buildConfigurations = (
				7F0D9BE62435CA7D0015DAE1 /* Debug */,
				7F0D9BE72435CA7D0015DAE1 /* Release */,
			);
			defaultConfigurationIsVisible = 0;
			defaultConfigurationName = Release;
		};
		7F0D9BE82435CA7D0015DAE1 /* Build configuration list for PBXNativeTarget "ios_wsUITests" */ = {
			isa = XCConfigurationList;
			buildConfigurations = (
				7F0D9BE92435CA7D0015DAE1 /* Debug */,
				7F0D9BEA2435CA7D0015DAE1 /* Release */,
			);
			defaultConfigurationIsVisible = 0;
			defaultConfigurationName = Release;
		};
/* End XCConfigurationList section */
	};
	rootObject = 7F0D9BB02435CA7C0015DAE1 /* Project object */;
}
